# @generated by Move, please check-in and do not edit manually.

[move]
version = 2
manifest_digest = "5456FE91F4A6511558EA91DC26F6DF5DA864C0E7C05CB43FA161A397BC5ADF0A"
deps_digest = "F8BBB0CCB2491CA29A3DF03D6F92277A4F3574266507ACD77214D37ECA3F3082"
dependencies = [
  { name = "Sui" },
]

[[move.package]]
name = "MoveStdlib"
source = { git = "https://github.com/MystenLabs/sui.git", rev = "framework/testnet", subdir = "crates/sui-framework/packages/move-stdlib" }

[[move.package]]
name = "Sui"
source = { git = "https://github.com/MystenLabs/sui.git", rev = "framework/testnet", subdir = "crates/sui-framework/packages/sui-framework" }

dependencies = [
  { name = "MoveStdlib" },
]

[move.toolchain-version]
compiler-version = "1.31.1"
edition = "2024.beta"
flavor = "sui"

[env]

[env.mainnet]
chain-id = "35834a8a"
original-published-id = "0x2052efc7be84d363dce6b450814e3779ab7ac5d9cab740011191159e468ff638"
latest-published-id = "0x2052efc7be84d363dce6b450814e3779ab7ac5d9cab740011191159e468ff638"
published-version = "1"
